{
  "name": "ultron-cli",
  "version": "0.4.0",
  "lockfileVersion": 3,
  "requires": true,
  "packages": {
    "": {
      "name": "ultron-cli",
      "version": "0.4.0",
      "license": "MIT",
      "bin": {
        "ultron": "bin/ultron.mjs"
      },
      "engines": {
        "node": ">=20"
      }
    }
  }
}
